
Microsoft Visual Studio Solution File, Format Version 12.00
# Visual Studio 15
VisualStudioVersion = 15.0.28307.852
MinimumVisualStudioVersion = 10.0.40219.1
Project("{FAE04EC0-301F-11D3-BF4B-00C04F79EFBC}") = "WindowsFormsApp12", "WindowsFormsApp12.csproj", "{FCD27D9D-8117-4659-93B5-9146142ADDA0}"
EndProject
Global
	GlobalSection(SolutionConfigurationPlatforms) = preSolution
		Debug|Any CPU = Debug|Any CPU
		Release|Any CPU = Release|Any CPU
	EndGlobalSection
	GlobalSection(ProjectConfigurationPlatforms) = postSolution
		{FCD27D9D-8117-4659-93B5-9146142ADDA0}.Debug|Any CPU.ActiveCfg = Debug|Any CPU
		{FCD27D9D-8117-4659-93B5-9146142ADDA0}.Debug|Any CPU.Build.0 = Debug|Any CPU
		{FCD27D9D-8117-4659-93B5-9146142ADDA0}.Release|Any CPU.ActiveCfg = Release|Any CPU
		{FCD27D9D-8117-4659-93B5-9146142ADDA0}.Release|Any CPU.Build.0 = Release|Any CPU
	EndGlobalSection
	GlobalSection(SolutionProperties) = preSolution
		HideSolutionNode = FALSE
	EndGlobalSection
	GlobalSection(ExtensibilityGlobals) = postSolution
		SolutionGuid = {C8BDBF13-9AC5-4000-AFF4-E80C168D2647}
	EndGlobalSection
EndGlobal
